
Microsoft Visual Studio Solution File, Format Version 12.00
# Visual Studio Version 17
VisualStudioVersion = 17.0.31903.59
MinimumVisualStudioVersion = 10.0.40219.1
Project("{FAE04EC0-301F-11D3-BF4B-00C04F79EFBC}") = "SRP", "SolidExamples\SRP.csproj", "{5C4612D9-D5D9-4863-A6B8-36B9C9BF335F}"
EndProject
Project("{FAE04EC0-301F-11D3-BF4B-00C04F79EFBC}") = "OCP", "OCP\OCP.csproj", "{79F671B4-0686-4E2F-B400-06B80414E313}"
EndProject
Project("{FAE04EC0-301F-11D3-BF4B-00C04F79EFBC}") = "LSP", "LSP\LSP.csproj", "{63498F5E-31AF-44F2-9DD2-C06AFD01764B}"
EndProject
Project("{FAE04EC0-301F-11D3-BF4B-00C04F79EFBC}") = "ISP", "ISP\ISP.csproj", "{55CFB9BF-2EFC-41C1-9DA9-A8E9D0FE5356}"
EndProject
Project("{FAE04EC0-301F-11D3-BF4B-00C04F79EFBC}") = "DIP", "DIP\DIP.csproj", "{5955676D-23E0-425E-B181-F55094653894}"
EndProject
Global
	GlobalSection(SolutionConfigurationPlatforms) = preSolution
		Debug|Any CPU = Debug|Any CPU
		Release|Any CPU = Release|Any CPU
	EndGlobalSection
	GlobalSection(ProjectConfigurationPlatforms) = postSolution
		{5C4612D9-D5D9-4863-A6B8-36B9C9BF335F}.Debug|Any CPU.ActiveCfg = Debug|Any CPU
		{5C4612D9-D5D9-4863-A6B8-36B9C9BF335F}.Debug|Any CPU.Build.0 = Debug|Any CPU
		{5C4612D9-D5D9-4863-A6B8-36B9C9BF335F}.Release|Any CPU.ActiveCfg = Release|Any CPU
		{5C4612D9-D5D9-4863-A6B8-36B9C9BF335F}.Release|Any CPU.Build.0 = Release|Any CPU
		{79F671B4-0686-4E2F-B400-06B80414E313}.Debug|Any CPU.ActiveCfg = Debug|Any CPU
		{79F671B4-0686-4E2F-B400-06B80414E313}.Debug|Any CPU.Build.0 = Debug|Any CPU
		{79F671B4-0686-4E2F-B400-06B80414E313}.Release|Any CPU.ActiveCfg = Release|Any CPU
		{79F671B4-0686-4E2F-B400-06B80414E313}.Release|Any CPU.Build.0 = Release|Any CPU
		{63498F5E-31AF-44F2-9DD2-C06AFD01764B}.Debug|Any CPU.ActiveCfg = Debug|Any CPU
		{63498F5E-31AF-44F2-9DD2-C06AFD01764B}.Debug|Any CPU.Build.0 = Debug|Any CPU
		{63498F5E-31AF-44F2-9DD2-C06AFD01764B}.Release|Any CPU.ActiveCfg = Release|Any CPU
		{63498F5E-31AF-44F2-9DD2-C06AFD01764B}.Release|Any CPU.Build.0 = Release|Any CPU
		{55CFB9BF-2EFC-41C1-9DA9-A8E9D0FE5356}.Debug|Any CPU.ActiveCfg = Debug|Any CPU
		{55CFB9BF-2EFC-41C1-9DA9-A8E9D0FE5356}.Debug|Any CPU.Build.0 = Debug|Any CPU
		{55CFB9BF-2EFC-41C1-9DA9-A8E9D0FE5356}.Release|Any CPU.ActiveCfg = Release|Any CPU
		{55CFB9BF-2EFC-41C1-9DA9-A8E9D0FE5356}.Release|Any CPU.Build.0 = Release|Any CPU
		{5955676D-23E0-425E-B181-F55094653894}.Debug|Any CPU.ActiveCfg = Debug|Any CPU
		{5955676D-23E0-425E-B181-F55094653894}.Debug|Any CPU.Build.0 = Debug|Any CPU
		{5955676D-23E0-425E-B181-F55094653894}.Release|Any CPU.ActiveCfg = Release|Any CPU
		{5955676D-23E0-425E-B181-F55094653894}.Release|Any CPU.Build.0 = Release|Any CPU
	EndGlobalSection
	GlobalSection(SolutionProperties) = preSolution
		HideSolutionNode = FALSE
	EndGlobalSection
	GlobalSection(ExtensibilityGlobals) = postSolution
		SolutionGuid = {0047FA1F-7CB7-4FCA-B39B-8EF29402F647}
	EndGlobalSection
EndGlobal
